
Microsoft Visual Studio Solution File, Format Version 11.00
# Visual Studio 2010
Project("{FAE04EC0-301F-11D3-BF4B-00C04F79EFBC}") = "Assembly-CSharp", "Assembly-CSharp.csproj", "{ACCB3FF4-205B-EF73-04FA-B9E409B80461}"
EndProject
Project("{FAE04EC0-301F-11D3-BF4B-00C04F79EFBC}") = "Assembly-CSharp-firstpass", "Assembly-CSharp-firstpass.csproj", "{3A941CA9-8EC9-C2E5-3225-6A982D412F07}"
EndProject
Global
	GlobalSection(SolutionConfigurationPlatforms) = preSolution
		Debug|Any CPU = Debug|Any CPU
		Release|Any CPU = Release|Any CPU
	EndGlobalSection
	GlobalSection(ProjectConfigurationPlatforms) = postSolution
		{ACCB3FF4-205B-EF73-04FA-B9E409B80461}.Debug|Any CPU.ActiveCfg = Debug|Any CPU
		{ACCB3FF4-205B-EF73-04FA-B9E409B80461}.Debug|Any CPU.Build.0 = Debug|Any CPU
		{ACCB3FF4-205B-EF73-04FA-B9E409B80461}.Release|Any CPU.ActiveCfg = Release|Any CPU
		{ACCB3FF4-205B-EF73-04FA-B9E409B80461}.Release|Any CPU.Build.0 = Release|Any CPU
		{3A941CA9-8EC9-C2E5-3225-6A982D412F07}.Debug|Any CPU.ActiveCfg = Debug|Any CPU
		{3A941CA9-8EC9-C2E5-3225-6A982D412F07}.Debug|Any CPU.Build.0 = Debug|Any CPU
		{3A941CA9-8EC9-C2E5-3225-6A982D412F07}.Release|Any CPU.ActiveCfg = Release|Any CPU
		{3A941CA9-8EC9-C2E5-3225-6A982D412F07}.Release|Any CPU.Build.0 = Release|Any CPU
	EndGlobalSection
	GlobalSection(SolutionProperties) = preSolution
		HideSolutionNode = FALSE
	EndGlobalSection
EndGlobal
